
Microsoft Visual Studio Solution File, Format Version 12.00
# Visual Studio 15
VisualStudioVersion = 15.0.26430.6
MinimumVisualStudioVersion = 10.0.40219.1
Project("{FAE04EC0-301F-11D3-BF4B-00C04F79EFBC}") = "MedWeb.Web", "MedWeb.Web\MedWeb.Web.csproj", "{216715E6-BD75-40FB-B48B-795CAAF76CE6}"
EndProject
Project("{FAE04EC0-301F-11D3-BF4B-00C04F79EFBC}") = "MedWeb.BO", "MedWeb.BO\MedWeb.BO.csproj", "{E9E77752-E591-4B12-BAE2-879E94EFB27B}"
EndProject
Project("{FAE04EC0-301F-11D3-BF4B-00C04F79EFBC}") = "MedWeb.DA", "MedWeb.DA\MedWeb.DA.csproj", "{E5AB6B10-F39B-4E94-AE1F-4437328FFC0A}"
EndProject
Global
	GlobalSection(SolutionConfigurationPlatforms) = preSolution
		Debug|Any CPU = Debug|Any CPU
		Release|Any CPU = Release|Any CPU
	EndGlobalSection
	GlobalSection(ProjectConfigurationPlatforms) = postSolution
		{216715E6-BD75-40FB-B48B-795CAAF76CE6}.Debug|Any CPU.ActiveCfg = Debug|Any CPU
		{216715E6-BD75-40FB-B48B-795CAAF76CE6}.Debug|Any CPU.Build.0 = Debug|Any CPU
		{216715E6-BD75-40FB-B48B-795CAAF76CE6}.Release|Any CPU.ActiveCfg = Release|Any CPU
		{216715E6-BD75-40FB-B48B-795CAAF76CE6}.Release|Any CPU.Build.0 = Release|Any CPU
		{E9E77752-E591-4B12-BAE2-879E94EFB27B}.Debug|Any CPU.ActiveCfg = Debug|Any CPU
		{E9E77752-E591-4B12-BAE2-879E94EFB27B}.Debug|Any CPU.Build.0 = Debug|Any CPU
		{E9E77752-E591-4B12-BAE2-879E94EFB27B}.Release|Any CPU.ActiveCfg = Release|Any CPU
		{E9E77752-E591-4B12-BAE2-879E94EFB27B}.Release|Any CPU.Build.0 = Release|Any CPU
		{E5AB6B10-F39B-4E94-AE1F-4437328FFC0A}.Debug|Any CPU.ActiveCfg = Debug|Any CPU
		{E5AB6B10-F39B-4E94-AE1F-4437328FFC0A}.Debug|Any CPU.Build.0 = Debug|Any CPU
		{E5AB6B10-F39B-4E94-AE1F-4437328FFC0A}.Release|Any CPU.ActiveCfg = Release|Any CPU
		{E5AB6B10-F39B-4E94-AE1F-4437328FFC0A}.Release|Any CPU.Build.0 = Release|Any CPU
	EndGlobalSection
	GlobalSection(SolutionProperties) = preSolution
		HideSolutionNode = FALSE
	EndGlobalSection
EndGlobal
